{
  "object": {
    "pins": [
      {
        "package": "Alamofire",
        "repositoryURL": "https://github.com/Alamofire/Alamofire.git",
        "state": {
          "branch": null,
          "revision": "61a780f3b58ee0d2bb76fdb7b89dbc9751d521d7",
          "version": "4.7.3"
        }
      },
      {
        "package": "Locksmith",
        "repositoryURL": "https://github.com/nicemohawk/Locksmith.git",
        "state": {
          "branch": null,
          "revision": "0c144b1a1136664735c45013b0d5dedd929d3359",
          "version": "4.0.1"
        }
      }
    ]
  },
  "version": 1
}
