{
  "object": {
    "pins": [
      {
        "package": "Alamofire",
        "repositoryURL": "https://github.com/Alamofire/Alamofire.git",
        "state": {
          "branch": null,
          "revision": "75bba56748359f297a83f620d45f72cf4ebee4e7",
          "version": "4.8.2"
        }
      },
      {
        "package": "Locksmith",
        "repositoryURL": "https://github.com/nicemohawk/Locksmith.git",
        "state": {
          "branch": null,
          "revision": "90014ceb4de40411b333ea684f0c6347458a9b49",
          "version": "4.0.3"
        }
      }
    ]
  },
  "version": 1
}
