// !$*UTF8*$!
{
	archiveVersion = 1;
	classes = {
	};
	objectVersion = 77;
	objects = {

/* Begin PBXBuildFile section */
		0A0000000000000000000023 /* MatchTrackerKit in Frameworks */ = {isa = PBXBuildFile; productRef = 0A0000000000000000000021 /* MatchTrackerKit */; };
		0A0000000000000000000024 /* MatchTrackerKit in Frameworks */ = {isa = PBXBuildFile; productRef = 0A0000000000000000000022 /* MatchTrackerKit */; };
		0A0000000000000000000039 /* MatchTracker Watch App.app in Embed Watch Content */ = {isa = PBXBuildFile; fileRef = 0A0000000000000000000041 /* MatchTracker Watch App.app */; settings = {ATTRIBUTES = (RemoveHeadersOnCopy, ); }; };
		0B0000000000000000000A00 /* MatchTrackerKit in Frameworks */ = {isa = PBXBuildFile; productRef = 0B0000000000000000000909 /* MatchTrackerKit */; };
		0B0000000000000000000E00 /* MatchTracker Widgets.appex in Embed App Extensions */ = {isa = PBXBuildFile; fileRef = 0B0000000000000000000808 /* MatchTracker Widgets.appex */; settings = {ATTRIBUTES = (RemoveHeadersOnCopy, ); }; };
/* End PBXBuildFile section */

/* Begin PBXCopyFilesBuildPhase section */
		0A0000000000000000000038 /* Embed Watch Content */ = {
			isa = PBXCopyFilesBuildPhase;
			buildActionMask = 2147483647;
			dstPath = "$(CONTENTS_FOLDER_PATH)/Watch";
			dstSubfolderSpec = 16;
			files = (
				0A0000000000000000000039 /* MatchTracker Watch App.app in Embed Watch Content */,
			);
			name = "Embed Watch Content";
			runOnlyForDeploymentPostprocessing = 0;
		};
		0B0000000000000000000D0D /* Embed App Extensions */ = {
			isa = PBXCopyFilesBuildPhase;
			buildActionMask = 2147483647;
			dstPath = "";
			dstSubfolderSpec = 13;
			files = (
				0B0000000000000000000E00 /* MatchTracker Widgets.appex in Embed App Extensions */,
			);
			name = "Embed App Extensions";
			runOnlyForDeploymentPostprocessing = 0;
		};
/* End PBXCopyFilesBuildPhase section */

/* Begin PBXContainerItemProxy section */
		0A000000000000000000003B /* PBXContainerItemProxy */ = {
			isa = PBXContainerItemProxy;
			containerPortal = 0A0000000000000000000001 /* Project object */;
			proxyType = 1;
			remoteGlobalIDString = 0A0000000000000000000040;
			remoteInfo = "MatchTracker Watch App";
		};
		0B0000000000000000001010 /* PBXContainerItemProxy */ = {
			isa = PBXContainerItemProxy;
			containerPortal = 0A0000000000000000000001 /* Project object */;
			proxyType = 1;
			remoteGlobalIDString = 0B0000000000000000000101;
			remoteInfo = "MatchTracker Widgets";
		};
/* End PBXContainerItemProxy section */

/* Begin PBXFileReference section */
		0A0000000000000000000031 /* MatchTracker.app */ = {isa = PBXFileReference; explicitFileType = wrapper.application; includeInIndex = 0; path = MatchTracker.app; sourceTree = BUILT_PRODUCTS_DIR; };
		0A0000000000000000000041 /* MatchTracker Watch App.app */ = {isa = PBXFileReference; explicitFileType = wrapper.application; includeInIndex = 0; path = "MatchTracker Watch App.app"; sourceTree = BUILT_PRODUCTS_DIR; };
		0B0000000000000000000808 /* MatchTracker Widgets.appex */ = {isa = PBXFileReference; explicitFileType = "wrapper.app-extension"; includeInIndex = 0; path = "MatchTracker Widgets.appex"; sourceTree = BUILT_PRODUCTS_DIR; };
/* End PBXFileReference section */

/* Begin PBXFileSystemSynchronizedBuildFileExceptionSet section */
		0A0000000000000000000012 /* Exceptions for "iOS App" folder in "MatchTracker" target */ = {
			isa = PBXFileSystemSynchronizedBuildFileExceptionSet;
			membershipExceptions = (
				Info.plist,
				"Info-Debug.plist",
				MatchTracker.entitlements,
			);
			target = 0A0000000000000000000030 /* MatchTracker */;
		};
		0A0000000000000000000013 /* Exceptions for "Watch App" folder in "MatchTracker Watch App" target */ = {
			isa = PBXFileSystemSynchronizedBuildFileExceptionSet;
			membershipExceptions = (
				Info.plist,
				"MatchTracker Watch App.entitlements",
			);
			target = 0A0000000000000000000040 /* MatchTracker Watch App */;
		};
		0B0000000000000000000C0C /* Exceptions for "Watch Widgets" folder in "MatchTracker Widgets" target */ = {
			isa = PBXFileSystemSynchronizedBuildFileExceptionSet;
			membershipExceptions = (
				Info.plist,
				"MatchTracker Widgets.entitlements",
			);
			target = 0B0000000000000000000101 /* MatchTracker Widgets */;
		};
/* End PBXFileSystemSynchronizedBuildFileExceptionSet section */

/* Begin PBXFileSystemSynchronizedRootGroup section */
		0A0000000000000000000010 /* iOS App */ = {
			isa = PBXFileSystemSynchronizedRootGroup;
			exceptions = (
				0A0000000000000000000012 /* Exceptions for "iOS App" folder in "MatchTracker" target */,
			);
			path = "iOS App";
			sourceTree = "<group>";
		};
		0A0000000000000000000011 /* Watch App */ = {
			isa = PBXFileSystemSynchronizedRootGroup;
			exceptions = (
				0A0000000000000000000013 /* Exceptions for "Watch App" folder in "MatchTracker Watch App" target */,
			);
			path = "Watch App";
			sourceTree = "<group>";
		};
		0B0000000000000000000B0B /* Watch Widgets */ = {
			isa = PBXFileSystemSynchronizedRootGroup;
			exceptions = (
				0B0000000000000000000C0C /* Exceptions for "Watch Widgets" folder in "MatchTracker Widgets" target */,
			);
			path = "Watch Widgets";
			sourceTree = "<group>";
		};
/* End PBXFileSystemSynchronizedRootGroup section */

/* Begin PBXFrameworksBuildPhase section */
		0A0000000000000000000036 /* Frameworks */ = {
			isa = PBXFrameworksBuildPhase;
			buildActionMask = 2147483647;
			files = (
				0A0000000000000000000023 /* MatchTrackerKit in Frameworks */,
			);
			runOnlyForDeploymentPostprocessing = 0;
		};
		0A0000000000000000000046 /* Frameworks */ = {
			isa = PBXFrameworksBuildPhase;
			buildActionMask = 2147483647;
			files = (
				0A0000000000000000000024 /* MatchTrackerKit in Frameworks */,
			);
			runOnlyForDeploymentPostprocessing = 0;
		};
		0B0000000000000000000606 /* Frameworks */ = {
			isa = PBXFrameworksBuildPhase;
			buildActionMask = 2147483647;
			files = (
				0B0000000000000000000A00 /* MatchTrackerKit in Frameworks */,
			);
			runOnlyForDeploymentPostprocessing = 0;
		};
/* End PBXFrameworksBuildPhase section */

/* Begin PBXGroup section */
		0A0000000000000000000002 = {
			isa = PBXGroup;
			children = (
				0A0000000000000000000010 /* iOS App */,
				0A0000000000000000000011 /* Watch App */,
				0B0000000000000000000B0B /* Watch Widgets */,
				0A0000000000000000000003 /* Products */,
			);
			sourceTree = "<group>";
		};
		0A0000000000000000000003 /* Products */ = {
			isa = PBXGroup;
			children = (
				0A0000000000000000000031 /* MatchTracker.app */,
				0A0000000000000000000041 /* MatchTracker Watch App.app */,
				0B0000000000000000000808 /* MatchTracker Widgets.appex */,
			);
			name = Products;
			sourceTree = "<group>";
		};
/* End PBXGroup section */

/* Begin PBXNativeTarget section */
		0A0000000000000000000030 /* MatchTracker */ = {
			isa = PBXNativeTarget;
			buildConfigurationList = 0A0000000000000000000032 /* Build configuration list for PBXNativeTarget "MatchTracker" */;
			buildPhases = (
				0A0000000000000000000035 /* Sources */,
				0A0000000000000000000036 /* Frameworks */,
				0A0000000000000000000037 /* Resources */,
				0A0000000000000000000038 /* Embed Watch Content */,
			);
			buildRules = (
			);
			dependencies = (
				0A000000000000000000003A /* PBXTargetDependency */,
			);
			fileSystemSynchronizedGroups = (
				0A0000000000000000000010 /* iOS App */,
			);
			name = MatchTracker;
			packageProductDependencies = (
				0A0000000000000000000021 /* MatchTrackerKit */,
			);
			productName = MatchTracker;
			productReference = 0A0000000000000000000031 /* MatchTracker.app */;
			productType = "com.apple.product-type.application";
		};
		0A0000000000000000000040 /* MatchTracker Watch App */ = {
			isa = PBXNativeTarget;
			buildConfigurationList = 0A0000000000000000000042 /* Build configuration list for PBXNativeTarget "MatchTracker Watch App" */;
			buildPhases = (
				0A0000000000000000000045 /* Sources */,
				0A0000000000000000000046 /* Frameworks */,
				0A0000000000000000000047 /* Resources */,
				0B0000000000000000000D0D /* Embed App Extensions */,
			);
			buildRules = (
			);
			dependencies = (
				0B0000000000000000000F0F /* PBXTargetDependency */,
			);
			fileSystemSynchronizedGroups = (
				0A0000000000000000000011 /* Watch App */,
			);
			name = "MatchTracker Watch App";
			packageProductDependencies = (
				0A0000000000000000000022 /* MatchTrackerKit */,
			);
			productName = "MatchTracker Watch App";
			productReference = 0A0000000000000000000041 /* MatchTracker Watch App.app */;
			productType = "com.apple.product-type.application";
		};
		0B0000000000000000000101 /* MatchTracker Widgets */ = {
			isa = PBXNativeTarget;
			buildConfigurationList = 0B0000000000000000000202 /* Build configuration list for PBXNativeTarget "MatchTracker Widgets" */;
			buildPhases = (
				0B0000000000000000000505 /* Sources */,
				0B0000000000000000000606 /* Frameworks */,
				0B0000000000000000000707 /* Resources */,
			);
			buildRules = (
			);
			dependencies = (
			);
			fileSystemSynchronizedGroups = (
				0B0000000000000000000B0B /* Watch Widgets */,
			);
			name = "MatchTracker Widgets";
			packageProductDependencies = (
				0B0000000000000000000909 /* MatchTrackerKit */,
			);
			productName = "MatchTracker Widgets";
			productReference = 0B0000000000000000000808 /* MatchTracker Widgets.appex */;
			productType = "com.apple.product-type.app-extension";
		};
/* End PBXNativeTarget section */

/* Begin PBXProject section */
		0A0000000000000000000001 /* Project object */ = {
			isa = PBXProject;
			attributes = {
				BuildIndependentTargetsInParallel = 1;
				LastSwiftUpdateCheck = 1600;
				LastUpgradeCheck = 1600;
				TargetAttributes = {
					0A0000000000000000000030 = {
						CreatedOnToolsVersion = 16.0;
					};
					0A0000000000000000000040 = {
						CreatedOnToolsVersion = 16.0;
					};
					0B0000000000000000000101 = {
						CreatedOnToolsVersion = 16.0;
					};
				};
			};
			buildConfigurationList = 0A0000000000000000000004 /* Build configuration list for PBXProject "MatchTracker" */;
			compatibilityVersion = "Xcode 15.0";
			developmentRegion = en;
			hasScannedForEncodings = 0;
			knownRegions = (
				en,
				Base,
			);
			mainGroup = 0A0000000000000000000002;
			minimizedProjectReferenceProxies = 1;
			packageReferences = (
				0A0000000000000000000020 /* XCLocalSwiftPackageReference "MatchTrackerKit" */,
			);
			productRefGroup = 0A0000000000000000000003 /* Products */;
			projectDirPath = "";
			projectRoot = "";
			targets = (
				0A0000000000000000000030 /* MatchTracker */,
				0A0000000000000000000040 /* MatchTracker Watch App */,
				0B0000000000000000000101 /* MatchTracker Widgets */,
			);
		};
/* End PBXProject section */

/* Begin PBXResourcesBuildPhase section */
		0A0000000000000000000037 /* Resources */ = {
			isa = PBXResourcesBuildPhase;
			buildActionMask = 2147483647;
			files = (
			);
			runOnlyForDeploymentPostprocessing = 0;
		};
		0A0000000000000000000047 /* Resources */ = {
			isa = PBXResourcesBuildPhase;
			buildActionMask = 2147483647;
			files = (
			);
			runOnlyForDeploymentPostprocessing = 0;
		};
		0B0000000000000000000707 /* Resources */ = {
			isa = PBXResourcesBuildPhase;
			buildActionMask = 2147483647;
			files = (
			);
			runOnlyForDeploymentPostprocessing = 0;
		};
/* End PBXResourcesBuildPhase section */

/* Begin PBXSourcesBuildPhase section */
		0A0000000000000000000035 /* Sources */ = {
			isa = PBXSourcesBuildPhase;
			buildActionMask = 2147483647;
			files = (
			);
			runOnlyForDeploymentPostprocessing = 0;
		};
		0A0000000000000000000045 /* Sources */ = {
			isa = PBXSourcesBuildPhase;
			buildActionMask = 2147483647;
			files = (
			);
			runOnlyForDeploymentPostprocessing = 0;
		};
		0B0000000000000000000505 /* Sources */ = {
			isa = PBXSourcesBuildPhase;
			buildActionMask = 2147483647;
			files = (
			);
			runOnlyForDeploymentPostprocessing = 0;
		};
/* End PBXSourcesBuildPhase section */

/* Begin PBXTargetDependency section */
		0A000000000000000000003A /* PBXTargetDependency */ = {
			isa = PBXTargetDependency;
			target = 0A0000000000000000000040 /* MatchTracker Watch App */;
			targetProxy = 0A000000000000000000003B /* PBXContainerItemProxy */;
		};
		0B0000000000000000000F0F /* PBXTargetDependency */ = {
			isa = PBXTargetDependency;
			target = 0B0000000000000000000101 /* MatchTracker Widgets */;
			targetProxy = 0B0000000000000000001010 /* PBXContainerItemProxy */;
		};
/* End PBXTargetDependency section */

/* Begin XCBuildConfiguration section */
		0A0000000000000000000005 /* Debug */ = {
			isa = XCBuildConfiguration;
			buildSettings = {
				ALWAYS_SEARCH_USER_PATHS = NO;
				ASSETCATALOG_COMPILER_GENERATE_SWIFT_ASSET_SYMBOL_EXTENSIONS = YES;
				CLANG_ANALYZER_NONNULL = YES;
				CLANG_ANALYZER_NUMBER_OBJECT_CONVERSION = YES_AGGRESSIVE;
				CLANG_CXX_LANGUAGE_STANDARD = "gnu++20";
				CLANG_ENABLE_MODULES = YES;
				CLANG_ENABLE_OBJC_ARC = YES;
				CLANG_ENABLE_OBJC_WEAK = YES;
				CLANG_WARN_BLOCK_CAPTURE_AUTORELEASING = YES;
				CLANG_WARN_BOOL_CONVERSION = YES;
				CLANG_WARN_COMMA = YES;
				CLANG_WARN_CONSTANT_CONVERSION = YES;
				CLANG_WARN_DEPRECATED_OBJC_IMPLEMENTATIONS = YES;
				CLANG_WARN_DIRECT_OBJC_ISA_USAGE = YES_ERROR;
				CLANG_WARN_DOCUMENTATION_COMMENTS = YES;
				CLANG_WARN_EMPTY_BODY = YES;
				CLANG_WARN_ENUM_CONVERSION = YES;
				CLANG_WARN_INFINITE_RECURSION = YES;
				CLANG_WARN_INT_CONVERSION = YES;
				CLANG_WARN_NON_LITERAL_NULL_CONVERSION = YES;
				CLANG_WARN_OBJC_IMPLICIT_RETAIN_SELF = YES;
				CLANG_WARN_OBJC_LITERAL_CONVERSION = YES;
				CLANG_WARN_OBJC_ROOT_CLASS = YES_ERROR;
				CLANG_WARN_QUOTED_INCLUDE_IN_FRAMEWORK_HEADER = YES;
				CLANG_WARN_RANGE_LOOP_ANALYSIS = YES;
				CLANG_WARN_STRICT_PROTOTYPES = YES;
				CLANG_WARN_SUSPICIOUS_MOVE = YES;
				CLANG_WARN_UNGUARDED_AVAILABILITY = YES_AGGRESSIVE;
				CLANG_WARN_UNREACHABLE_CODE = YES;
				CLANG_WARN__DUPLICATE_METHOD_MATCH = YES;
				COPY_PHASE_STRIP = NO;
				DEBUG_INFORMATION_FORMAT = dwarf;
				ENABLE_STRICT_OBJC_MSGSEND = YES;
				ENABLE_TESTABILITY = YES;
				ENABLE_USER_SCRIPT_SANDBOXING = YES;
				GCC_C_LANGUAGE_STANDARD = gnu17;
				GCC_DYNAMIC_NO_PIC = NO;
				GCC_NO_COMMON_BLOCKS = YES;
				GCC_OPTIMIZATION_LEVEL = 0;
				GCC_PREPROCESSOR_DEFINITIONS = (
					"DEBUG=1",
					"$(inherited)",
				);
				GCC_WARN_64_TO_32_BIT_CONVERSION = YES;
				GCC_WARN_ABOUT_RETURN_TYPE = YES_ERROR;
				GCC_WARN_UNDECLARED_SELECTOR = YES;
				GCC_WARN_UNINITIALIZED_AUTOS = YES_AGGRESSIVE;
				GCC_WARN_UNUSED_FUNCTION = YES;
				GCC_WARN_UNUSED_VARIABLE = YES;
				LOCALIZATION_PREFERS_STRING_CATALOGS = YES;
				MTL_ENABLE_DEBUG_INFO = INCLUDE_SOURCE;
				MTL_FAST_MATH = YES;
				ONLY_ACTIVE_ARCH = YES;
				SWIFT_ACTIVE_COMPILATION_CONDITIONS = "DEBUG $(inherited)";
				SWIFT_OPTIMIZATION_LEVEL = "-Onone";
				SWIFT_VERSION = 5.0;
			};
			name = Debug;
		};
		0A0000000000000000000006 /* Release */ = {
			isa = XCBuildConfiguration;
			buildSettings = {
				ALWAYS_SEARCH_USER_PATHS = NO;
				ASSETCATALOG_COMPILER_GENERATE_SWIFT_ASSET_SYMBOL_EXTENSIONS = YES;
				CLANG_ANALYZER_NONNULL = YES;
				CLANG_ANALYZER_NUMBER_OBJECT_CONVERSION = YES_AGGRESSIVE;
				CLANG_CXX_LANGUAGE_STANDARD = "gnu++20";
				CLANG_ENABLE_MODULES = YES;
				CLANG_ENABLE_OBJC_ARC = YES;
				CLANG_ENABLE_OBJC_WEAK = YES;
				CLANG_WARN_BLOCK_CAPTURE_AUTORELEASING = YES;
				CLANG_WARN_BOOL_CONVERSION = YES;
				CLANG_WARN_COMMA = YES;
				CLANG_WARN_CONSTANT_CONVERSION = YES;
				CLANG_WARN_DEPRECATED_OBJC_IMPLEMENTATIONS = YES;
				CLANG_WARN_DIRECT_OBJC_ISA_USAGE = YES_ERROR;
				CLANG_WARN_DOCUMENTATION_COMMENTS = YES;
				CLANG_WARN_EMPTY_BODY = YES;
				CLANG_WARN_ENUM_CONVERSION = YES;
				CLANG_WARN_INFINITE_RECURSION = YES;
				CLANG_WARN_INT_CONVERSION = YES;
				CLANG_WARN_NON_LITERAL_NULL_CONVERSION = YES;
				CLANG_WARN_OBJC_IMPLICIT_RETAIN_SELF = YES;
				CLANG_WARN_OBJC_LITERAL_CONVERSION = YES;
				CLANG_WARN_OBJC_ROOT_CLASS = YES_ERROR;
				CLANG_WARN_QUOTED_INCLUDE_IN_FRAMEWORK_HEADER = YES;
				CLANG_WARN_RANGE_LOOP_ANALYSIS = YES;
				CLANG_WARN_STRICT_PROTOTYPES = YES;
				CLANG_WARN_SUSPICIOUS_MOVE = YES;
				CLANG_WARN_UNGUARDED_AVAILABILITY = YES_AGGRESSIVE;
				CLANG_WARN_UNREACHABLE_CODE = YES;
				CLANG_WARN__DUPLICATE_METHOD_MATCH = YES;
				COPY_PHASE_STRIP = NO;
				DEBUG_INFORMATION_FORMAT = "dwarf-with-dsym";
				ENABLE_NS_ASSERTIONS = NO;
				ENABLE_STRICT_OBJC_MSGSEND = YES;
				ENABLE_USER_SCRIPT_SANDBOXING = YES;
				GCC_C_LANGUAGE_STANDARD = gnu17;
				GCC_NO_COMMON_BLOCKS = YES;
				GCC_WARN_64_TO_32_BIT_CONVERSION = YES;
				GCC_WARN_ABOUT_RETURN_TYPE = YES_ERROR;
				GCC_WARN_UNDECLARED_SELECTOR = YES;
				GCC_WARN_UNINITIALIZED_AUTOS = YES_AGGRESSIVE;
				GCC_WARN_UNUSED_FUNCTION = YES;
				GCC_WARN_UNUSED_VARIABLE = YES;
				LOCALIZATION_PREFERS_STRING_CATALOGS = YES;
				MTL_ENABLE_DEBUG_INFO = NO;
				MTL_FAST_MATH = YES;
				SWIFT_COMPILATION_MODE = wholemodule;
				SWIFT_VERSION = 5.0;
			};
			name = Release;
		};
		0A0000000000000000000033 /* Debug */ = {
			isa = XCBuildConfiguration;
			buildSettings = {
				ASSETCATALOG_COMPILER_APPICON_NAME = AppIcon;
				CODE_SIGN_ENTITLEMENTS = "iOS App/MatchTracker.entitlements";
				CODE_SIGN_STYLE = Automatic;
				CURRENT_PROJECT_VERSION = 1;
				ENABLE_PREVIEWS = YES;
				GENERATE_INFOPLIST_FILE = YES;
				INFOPLIST_FILE = "iOS App/Info-Debug.plist";
				INFOPLIST_KEY_UIApplicationSceneManifest_Generation = YES;
				INFOPLIST_KEY_UIApplicationSupportsIndirectInputEvents = YES;
				INFOPLIST_KEY_UILaunchScreen_Generation = YES;
				INFOPLIST_KEY_UISupportedInterfaceOrientations = "UIInterfaceOrientationPortrait UIInterfaceOrientationLandscapeLeft UIInterfaceOrientationLandscapeRight";
				"INFOPLIST_KEY_UISupportedInterfaceOrientations~ipad" = "UIInterfaceOrientationPortrait UIInterfaceOrientationPortraitUpsideDown UIInterfaceOrientationLandscapeLeft UIInterfaceOrientationLandscapeRight";
				IPHONEOS_DEPLOYMENT_TARGET = 17.0;
				LD_RUNPATH_SEARCH_PATHS = (
					"$(inherited)",
					"@executable_path/Frameworks",
				);
				MARKETING_VERSION = 1.0;
				PRODUCT_BUNDLE_IDENTIFIER = com.nicemohawk.MatchTracker;
				PRODUCT_NAME = "$(TARGET_NAME)";
				SDKROOT = iphoneos;
				SWIFT_EMIT_LOC_STRINGS = YES;
				SWIFT_VERSION = 5.0;
				TARGETED_DEVICE_FAMILY = "1,2";
			};
			name = Debug;
		};
		0A0000000000000000000034 /* Release */ = {
			isa = XCBuildConfiguration;
			buildSettings = {
				ASSETCATALOG_COMPILER_APPICON_NAME = AppIcon;
				CODE_SIGN_ENTITLEMENTS = "iOS App/MatchTracker.entitlements";
				CODE_SIGN_STYLE = Automatic;
				CURRENT_PROJECT_VERSION = 1;
				ENABLE_PREVIEWS = YES;
				GENERATE_INFOPLIST_FILE = YES;
				INFOPLIST_FILE = "iOS App/Info.plist";
				INFOPLIST_KEY_UIApplicationSceneManifest_Generation = YES;
				INFOPLIST_KEY_UIApplicationSupportsIndirectInputEvents = YES;
				INFOPLIST_KEY_UILaunchScreen_Generation = YES;
				INFOPLIST_KEY_UISupportedInterfaceOrientations = "UIInterfaceOrientationPortrait UIInterfaceOrientationLandscapeLeft UIInterfaceOrientationLandscapeRight";
				"INFOPLIST_KEY_UISupportedInterfaceOrientations~ipad" = "UIInterfaceOrientationPortrait UIInterfaceOrientationPortraitUpsideDown UIInterfaceOrientationLandscapeLeft UIInterfaceOrientationLandscapeRight";
				IPHONEOS_DEPLOYMENT_TARGET = 17.0;
				LD_RUNPATH_SEARCH_PATHS = (
					"$(inherited)",
					"@executable_path/Frameworks",
				);
				MARKETING_VERSION = 1.0;
				PRODUCT_BUNDLE_IDENTIFIER = com.nicemohawk.MatchTracker;
				PRODUCT_NAME = "$(TARGET_NAME)";
				SDKROOT = iphoneos;
				SWIFT_EMIT_LOC_STRINGS = YES;
				SWIFT_VERSION = 5.0;
				TARGETED_DEVICE_FAMILY = "1,2";
			};
			name = Release;
		};
		0A0000000000000000000043 /* Debug */ = {
			isa = XCBuildConfiguration;
			buildSettings = {
				ASSETCATALOG_COMPILER_APPICON_NAME = AppIcon;
				CODE_SIGN_ENTITLEMENTS = "Watch App/MatchTracker Watch App.entitlements";
				CODE_SIGN_STYLE = Automatic;
				CURRENT_PROJECT_VERSION = 1;
				ENABLE_PREVIEWS = YES;
				GENERATE_INFOPLIST_FILE = YES;
				INFOPLIST_FILE = "Watch App/Info.plist";
				INFOPLIST_KEY_CFBundleDisplayName = MatchTracker;
				INFOPLIST_KEY_WKCompanionAppBundleIdentifier = com.nicemohawk.MatchTracker;
				LD_RUNPATH_SEARCH_PATHS = (
					"$(inherited)",
					"@executable_path/Frameworks",
				);
				MARKETING_VERSION = 1.0;
				PRODUCT_BUNDLE_IDENTIFIER = com.nicemohawk.MatchTracker.watchkitapp;
				PRODUCT_NAME = "$(TARGET_NAME)";
				SDKROOT = watchos;
				SKIP_INSTALL = YES;
				SWIFT_EMIT_LOC_STRINGS = YES;
				SWIFT_VERSION = 5.0;
				TARGETED_DEVICE_FAMILY = 4;
				WATCHOS_DEPLOYMENT_TARGET = 10.0;
			};
			name = Debug;
		};
		0A0000000000000000000044 /* Release */ = {
			isa = XCBuildConfiguration;
			buildSettings = {
				ASSETCATALOG_COMPILER_APPICON_NAME = AppIcon;
				CODE_SIGN_ENTITLEMENTS = "Watch App/MatchTracker Watch App.entitlements";
				CODE_SIGN_STYLE = Automatic;
				CURRENT_PROJECT_VERSION = 1;
				ENABLE_PREVIEWS = YES;
				GENERATE_INFOPLIST_FILE = YES;
				INFOPLIST_FILE = "Watch App/Info.plist";
				INFOPLIST_KEY_CFBundleDisplayName = MatchTracker;
				INFOPLIST_KEY_WKCompanionAppBundleIdentifier = com.nicemohawk.MatchTracker;
				LD_RUNPATH_SEARCH_PATHS = (
					"$(inherited)",
					"@executable_path/Frameworks",
				);
				MARKETING_VERSION = 1.0;
				PRODUCT_BUNDLE_IDENTIFIER = com.nicemohawk.MatchTracker.watchkitapp;
				PRODUCT_NAME = "$(TARGET_NAME)";
				SDKROOT = watchos;
				SKIP_INSTALL = YES;
				SWIFT_EMIT_LOC_STRINGS = YES;
				SWIFT_VERSION = 5.0;
				TARGETED_DEVICE_FAMILY = 4;
				WATCHOS_DEPLOYMENT_TARGET = 10.0;
			};
			name = Release;
		};
		0B0000000000000000000303 /* Debug */ = {
			isa = XCBuildConfiguration;
			buildSettings = {
				CODE_SIGN_ENTITLEMENTS = "Watch Widgets/MatchTracker Widgets.entitlements";
				CODE_SIGN_STYLE = Automatic;
				CURRENT_PROJECT_VERSION = 1;
				ENABLE_PREVIEWS = YES;
				GENERATE_INFOPLIST_FILE = YES;
				INFOPLIST_FILE = "Watch Widgets/Info.plist";
				INFOPLIST_KEY_CFBundleDisplayName = "MatchTracker Widgets";
				INFOPLIST_KEY_NSHumanReadableCopyright = "";
				LD_RUNPATH_SEARCH_PATHS = (
					"$(inherited)",
					"@executable_path/Frameworks",
					"@executable_path/../../Frameworks",
				);
				MARKETING_VERSION = 1.0;
				PRODUCT_BUNDLE_IDENTIFIER = com.nicemohawk.MatchTracker.watchkitapp.widgets;
				PRODUCT_NAME = "$(TARGET_NAME)";
				SDKROOT = watchos;
				SKIP_INSTALL = YES;
				SWIFT_EMIT_LOC_STRINGS = YES;
				SWIFT_VERSION = 5.0;
				TARGETED_DEVICE_FAMILY = 4;
				WATCHOS_DEPLOYMENT_TARGET = 10.0;
			};
			name = Debug;
		};
		0B0000000000000000000404 /* Release */ = {
			isa = XCBuildConfiguration;
			buildSettings = {
				CODE_SIGN_ENTITLEMENTS = "Watch Widgets/MatchTracker Widgets.entitlements";
				CODE_SIGN_STYLE = Automatic;
				CURRENT_PROJECT_VERSION = 1;
				ENABLE_PREVIEWS = YES;
				GENERATE_INFOPLIST_FILE = YES;
				INFOPLIST_FILE = "Watch Widgets/Info.plist";
				INFOPLIST_KEY_CFBundleDisplayName = "MatchTracker Widgets";
				INFOPLIST_KEY_NSHumanReadableCopyright = "";
				LD_RUNPATH_SEARCH_PATHS = (
					"$(inherited)",
					"@executable_path/Frameworks",
					"@executable_path/../../Frameworks",
				);
				MARKETING_VERSION = 1.0;
				PRODUCT_BUNDLE_IDENTIFIER = com.nicemohawk.MatchTracker.watchkitapp.widgets;
				PRODUCT_NAME = "$(TARGET_NAME)";
				SDKROOT = watchos;
				SKIP_INSTALL = YES;
				SWIFT_EMIT_LOC_STRINGS = YES;
				SWIFT_VERSION = 5.0;
				TARGETED_DEVICE_FAMILY = 4;
				WATCHOS_DEPLOYMENT_TARGET = 10.0;
			};
			name = Release;
		};
/* End XCBuildConfiguration section */

/* Begin XCConfigurationList section */
		0A0000000000000000000004 /* Build configuration list for PBXProject "MatchTracker" */ = {
			isa = XCConfigurationList;
			buildConfigurations = (
				0A0000000000000000000005 /* Debug */,
				0A0000000000000000000006 /* Release */,
			);
			defaultConfigurationIsVisible = 0;
			defaultConfigurationName = Release;
		};
		0A0000000000000000000032 /* Build configuration list for PBXNativeTarget "MatchTracker" */ = {
			isa = XCConfigurationList;
			buildConfigurations = (
				0A0000000000000000000033 /* Debug */,
				0A0000000000000000000034 /* Release */,
			);
			defaultConfigurationIsVisible = 0;
			defaultConfigurationName = Release;
		};
		0A0000000000000000000042 /* Build configuration list for PBXNativeTarget "MatchTracker Watch App" */ = {
			isa = XCConfigurationList;
			buildConfigurations = (
				0A0000000000000000000043 /* Debug */,
				0A0000000000000000000044 /* Release */,
			);
			defaultConfigurationIsVisible = 0;
			defaultConfigurationName = Release;
		};
		0B0000000000000000000202 /* Build configuration list for PBXNativeTarget "MatchTracker Widgets" */ = {
			isa = XCConfigurationList;
			buildConfigurations = (
				0B0000000000000000000303 /* Debug */,
				0B0000000000000000000404 /* Release */,
			);
			defaultConfigurationIsVisible = 0;
			defaultConfigurationName = Release;
		};
/* End XCConfigurationList section */

/* Begin XCLocalSwiftPackageReference section */
		0A0000000000000000000020 /* XCLocalSwiftPackageReference "MatchTrackerKit" */ = {
			isa = XCLocalSwiftPackageReference;
			relativePath = MatchTrackerKit;
		};
/* End XCLocalSwiftPackageReference section */

/* Begin XCSwiftPackageProductDependency section */
		0A0000000000000000000021 /* MatchTrackerKit */ = {
			isa = XCSwiftPackageProductDependency;
			productName = MatchTrackerKit;
		};
		0A0000000000000000000022 /* MatchTrackerKit */ = {
			isa = XCSwiftPackageProductDependency;
			productName = MatchTrackerKit;
		};
		0B0000000000000000000909 /* MatchTrackerKit */ = {
			isa = XCSwiftPackageProductDependency;
			productName = MatchTrackerKit;
		};
/* End XCSwiftPackageProductDependency section */
	};
	rootObject = 0A0000000000000000000001 /* Project object */;
}
