// !$*UTF8*$!
{
	archiveVersion = 1;
	classes = {
	};
	objectVersion = 48;
	objects = {

/* Begin PBXBuildFile section */
		B57F6D2A213E4C3200C4AECC /* HealthKit.framework in Frameworks */ = {isa = PBXBuildFile; fileRef = B57F6D29213E4C3200C4AECC /* HealthKit.framework */; };
		B599D65D1FAAF00D006EAABC /* AppDelegate.swift in Sources */ = {isa = PBXBuildFile; fileRef = B599D65C1FAAF00D006EAABC /* AppDelegate.swift */; };
		B599D6621FAAF00D006EAABC /* Main.storyboard in Resources */ = {isa = PBXBuildFile; fileRef = B599D6601FAAF00D006EAABC /* Main.storyboard */; };
		B599D6641FAAF00D006EAABC /* Assets.xcassets in Resources */ = {isa = PBXBuildFile; fileRef = B599D6631FAAF00D006EAABC /* Assets.xcassets */; };
		B599D6671FAAF00D006EAABC /* LaunchScreen.storyboard in Resources */ = {isa = PBXBuildFile; fileRef = B599D6651FAAF00D006EAABC /* LaunchScreen.storyboard */; };
		B599D6721FAAF00E006EAABC /* RouteGrabberTests.swift in Sources */ = {isa = PBXBuildFile; fileRef = B599D6711FAAF00E006EAABC /* RouteGrabberTests.swift */; };
		B599D67D1FAAF00E006EAABC /* RouteGrabberUITests.swift in Sources */ = {isa = PBXBuildFile; fileRef = B599D67C1FAAF00E006EAABC /* RouteGrabberUITests.swift */; };
		B5A1728F1FBE30F3003E71EC /* Alamofire.framework in Frameworks */ = {isa = PBXBuildFile; fileRef = B5357F361FBA16EF00B884AE /* Alamofire.framework */; };
		B5A172901FBE30F3003E71EC /* Alamofire.framework in Embed Frameworks */ = {isa = PBXBuildFile; fileRef = B5357F361FBA16EF00B884AE /* Alamofire.framework */; settings = {ATTRIBUTES = (CodeSignOnCopy, RemoveHeadersOnCopy, ); }; };
		C42706291FCCA34A00A745A9 /* DataSource.swift in Sources */ = {isa = PBXBuildFile; fileRef = C42706281FCCA34A00A745A9 /* DataSource.swift */; };
		C43B69231FB678BC009DF4E9 /* MapViewController.swift in Sources */ = {isa = PBXBuildFile; fileRef = C43B69221FB678BC009DF4E9 /* MapViewController.swift */; };
		C45DDE511FB27F44006322C7 /* RoutesTableViewController.swift in Sources */ = {isa = PBXBuildFile; fileRef = C45DDE501FB27F44006322C7 /* RoutesTableViewController.swift */; };
		C4CB05121FB642CC00E15074 /* MappableWorkout.swift in Sources */ = {isa = PBXBuildFile; fileRef = C4CB05111FB642CC00E15074 /* MappableWorkout.swift */; };
		C4F5BC951FD74BB300EEC216 /* APIRouter.swift in Sources */ = {isa = PBXBuildFile; fileRef = C4F5BC941FD74BB300EEC216 /* APIRouter.swift */; };
/* End PBXBuildFile section */

/* Begin PBXContainerItemProxy section */
		B5357F331FBA16EF00B884AE /* PBXContainerItemProxy */ = {
			isa = PBXContainerItemProxy;
			containerPortal = B5357F2C1FBA16EF00B884AE /* Packages.xcodeproj */;
			proxyType = 2;
			remoteGlobalIDString = "Packages::Packages::Product";
			remoteInfo = Packages;
		};
		B5357F351FBA16EF00B884AE /* PBXContainerItemProxy */ = {
			isa = PBXContainerItemProxy;
			containerPortal = B5357F2C1FBA16EF00B884AE /* Packages.xcodeproj */;
			proxyType = 2;
			remoteGlobalIDString = "Alamofire::Alamofire::Product";
			remoteInfo = Alamofire;
		};
		B599D66E1FAAF00E006EAABC /* PBXContainerItemProxy */ = {
			isa = PBXContainerItemProxy;
			containerPortal = B599D6511FAAF00D006EAABC /* Project object */;
			proxyType = 1;
			remoteGlobalIDString = B599D6581FAAF00D006EAABC;
			remoteInfo = RouteGrabber;
		};
		B599D6791FAAF00E006EAABC /* PBXContainerItemProxy */ = {
			isa = PBXContainerItemProxy;
			containerPortal = B599D6511FAAF00D006EAABC /* Project object */;
			proxyType = 1;
			remoteGlobalIDString = B599D6581FAAF00D006EAABC;
			remoteInfo = RouteGrabber;
		};
		B5A172911FBE30F3003E71EC /* PBXContainerItemProxy */ = {
			isa = PBXContainerItemProxy;
			containerPortal = B5357F2C1FBA16EF00B884AE /* Packages.xcodeproj */;
			proxyType = 1;
			remoteGlobalIDString = "Alamofire::Alamofire";
			remoteInfo = Alamofire;
		};
/* End PBXContainerItemProxy section */

/* Begin PBXCopyFilesBuildPhase section */
		B5A1728E1FBE30CD003E71EC /* Embed Frameworks */ = {
			isa = PBXCopyFilesBuildPhase;
			buildActionMask = 2147483647;
			dstPath = "";
			dstSubfolderSpec = 10;
			files = (
				B5A172901FBE30F3003E71EC /* Alamofire.framework in Embed Frameworks */,
			);
			name = "Embed Frameworks";
			runOnlyForDeploymentPostprocessing = 0;
		};
/* End PBXCopyFilesBuildPhase section */

/* Begin PBXFileReference section */
		B5357F2C1FBA16EF00B884AE /* Packages.xcodeproj */ = {isa = PBXFileReference; lastKnownFileType = "wrapper.pb-project"; path = Packages.xcodeproj; sourceTree = SOURCE_ROOT; };
		B57F6D29213E4C3200C4AECC /* HealthKit.framework */ = {isa = PBXFileReference; lastKnownFileType = wrapper.framework; name = HealthKit.framework; path = System/Library/Frameworks/HealthKit.framework; sourceTree = SDKROOT; };
		B599D6591FAAF00D006EAABC /* RouteGrabber.app */ = {isa = PBXFileReference; explicitFileType = wrapper.application; includeInIndex = 0; path = RouteGrabber.app; sourceTree = BUILT_PRODUCTS_DIR; };
		B599D65C1FAAF00D006EAABC /* AppDelegate.swift */ = {isa = PBXFileReference; lastKnownFileType = sourcecode.swift; path = AppDelegate.swift; sourceTree = "<group>"; };
		B599D6611FAAF00D006EAABC /* Base */ = {isa = PBXFileReference; lastKnownFileType = file.storyboard; name = Base; path = Base.lproj/Main.storyboard; sourceTree = "<group>"; };
		B599D6631FAAF00D006EAABC /* Assets.xcassets */ = {isa = PBXFileReference; lastKnownFileType = folder.assetcatalog; path = Assets.xcassets; sourceTree = "<group>"; };
		B599D6661FAAF00D006EAABC /* Base */ = {isa = PBXFileReference; lastKnownFileType = file.storyboard; name = Base; path = Base.lproj/LaunchScreen.storyboard; sourceTree = "<group>"; };
		B599D6681FAAF00D006EAABC /* Info.plist */ = {isa = PBXFileReference; lastKnownFileType = text.plist.xml; path = Info.plist; sourceTree = "<group>"; };
		B599D66D1FAAF00E006EAABC /* RouteGrabberTests.xctest */ = {isa = PBXFileReference; explicitFileType = wrapper.cfbundle; includeInIndex = 0; path = RouteGrabberTests.xctest; sourceTree = BUILT_PRODUCTS_DIR; };
		B599D6711FAAF00E006EAABC /* RouteGrabberTests.swift */ = {isa = PBXFileReference; lastKnownFileType = sourcecode.swift; path = RouteGrabberTests.swift; sourceTree = "<group>"; };
		B599D6731FAAF00E006EAABC /* Info.plist */ = {isa = PBXFileReference; lastKnownFileType = text.plist.xml; path = Info.plist; sourceTree = "<group>"; };
		B599D6781FAAF00E006EAABC /* RouteGrabberUITests.xctest */ = {isa = PBXFileReference; explicitFileType = wrapper.cfbundle; includeInIndex = 0; path = RouteGrabberUITests.xctest; sourceTree = BUILT_PRODUCTS_DIR; };
		B599D67C1FAAF00E006EAABC /* RouteGrabberUITests.swift */ = {isa = PBXFileReference; lastKnownFileType = sourcecode.swift; path = RouteGrabberUITests.swift; sourceTree = "<group>"; };
		B599D67E1FAAF00E006EAABC /* Info.plist */ = {isa = PBXFileReference; lastKnownFileType = text.plist.xml; path = Info.plist; sourceTree = "<group>"; };
		B5A707B41FAAF23400622F5E /* RouteGrabber.entitlements */ = {isa = PBXFileReference; lastKnownFileType = text.plist.entitlements; path = RouteGrabber.entitlements; sourceTree = "<group>"; };
		B5A8B5C81FB817F9005E7C2E /* Package.swift */ = {isa = PBXFileReference; lastKnownFileType = sourcecode.swift; path = Package.swift; sourceTree = "<group>"; };
		C42706281FCCA34A00A745A9 /* DataSource.swift */ = {isa = PBXFileReference; lastKnownFileType = sourcecode.swift; path = DataSource.swift; sourceTree = "<group>"; };
		C43B69221FB678BC009DF4E9 /* MapViewController.swift */ = {isa = PBXFileReference; lastKnownFileType = sourcecode.swift; path = MapViewController.swift; sourceTree = "<group>"; };
		C45DDE501FB27F44006322C7 /* RoutesTableViewController.swift */ = {isa = PBXFileReference; lastKnownFileType = sourcecode.swift; path = RoutesTableViewController.swift; sourceTree = "<group>"; };
		C4CB05111FB642CC00E15074 /* MappableWorkout.swift */ = {isa = PBXFileReference; lastKnownFileType = sourcecode.swift; path = MappableWorkout.swift; sourceTree = "<group>"; };
		C4F5BC941FD74BB300EEC216 /* APIRouter.swift */ = {isa = PBXFileReference; lastKnownFileType = sourcecode.swift; path = APIRouter.swift; sourceTree = "<group>"; };
/* End PBXFileReference section */

/* Begin PBXFrameworksBuildPhase section */
		B599D6561FAAF00D006EAABC /* Frameworks */ = {
			isa = PBXFrameworksBuildPhase;
			buildActionMask = 2147483647;
			files = (
				B5A1728F1FBE30F3003E71EC /* Alamofire.framework in Frameworks */,
				B57F6D2A213E4C3200C4AECC /* HealthKit.framework in Frameworks */,
			);
			runOnlyForDeploymentPostprocessing = 0;
		};
		B599D66A1FAAF00E006EAABC /* Frameworks */ = {
			isa = PBXFrameworksBuildPhase;
			buildActionMask = 2147483647;
			files = (
			);
			runOnlyForDeploymentPostprocessing = 0;
		};
		B599D6751FAAF00E006EAABC /* Frameworks */ = {
			isa = PBXFrameworksBuildPhase;
			buildActionMask = 2147483647;
			files = (
			);
			runOnlyForDeploymentPostprocessing = 0;
		};
/* End PBXFrameworksBuildPhase section */

/* Begin PBXGroup section */
		B5357F2A1FBA16C000B884AE /* Packages */ = {
			isa = PBXGroup;
			children = (
				B5A8B5C81FB817F9005E7C2E /* Package.swift */,
				B5357F2C1FBA16EF00B884AE /* Packages.xcodeproj */,
			);
			name = Packages;
			sourceTree = "<group>";
		};
		B5357F2D1FBA16EF00B884AE /* Products */ = {
			isa = PBXGroup;
			children = (
				B5357F341FBA16EF00B884AE /* Packages.framework */,
				B5357F361FBA16EF00B884AE /* Alamofire.framework */,
			);
			name = Products;
			sourceTree = "<group>";
		};
		B599D6501FAAF00D006EAABC = {
			isa = PBXGroup;
			children = (
				B5357F2A1FBA16C000B884AE /* Packages */,
				B599D65B1FAAF00D006EAABC /* RouteGrabber */,
				B599D6701FAAF00E006EAABC /* RouteGrabberTests */,
				B599D67B1FAAF00E006EAABC /* RouteGrabberUITests */,
				B599D65A1FAAF00D006EAABC /* Products */,
				B5A707B51FAAF23400622F5E /* Frameworks */,
			);
			sourceTree = "<group>";
		};
		B599D65A1FAAF00D006EAABC /* Products */ = {
			isa = PBXGroup;
			children = (
				B599D6591FAAF00D006EAABC /* RouteGrabber.app */,
				B599D66D1FAAF00E006EAABC /* RouteGrabberTests.xctest */,
				B599D6781FAAF00E006EAABC /* RouteGrabberUITests.xctest */,
			);
			name = Products;
			sourceTree = "<group>";
		};
		B599D65B1FAAF00D006EAABC /* RouteGrabber */ = {
			isa = PBXGroup;
			children = (
				B5A707B41FAAF23400622F5E /* RouteGrabber.entitlements */,
				B599D65C1FAAF00D006EAABC /* AppDelegate.swift */,
				C42706281FCCA34A00A745A9 /* DataSource.swift */,
				C4F5BC941FD74BB300EEC216 /* APIRouter.swift */,
				C45DDE501FB27F44006322C7 /* RoutesTableViewController.swift */,
				C43B69221FB678BC009DF4E9 /* MapViewController.swift */,
				C4CB05111FB642CC00E15074 /* MappableWorkout.swift */,
				B599D6601FAAF00D006EAABC /* Main.storyboard */,
				B599D6631FAAF00D006EAABC /* Assets.xcassets */,
				B599D6651FAAF00D006EAABC /* LaunchScreen.storyboard */,
				B599D6681FAAF00D006EAABC /* Info.plist */,
			);
			path = RouteGrabber;
			sourceTree = "<group>";
		};
		B599D6701FAAF00E006EAABC /* RouteGrabberTests */ = {
			isa = PBXGroup;
			children = (
				B599D6711FAAF00E006EAABC /* RouteGrabberTests.swift */,
				B599D6731FAAF00E006EAABC /* Info.plist */,
			);
			path = RouteGrabberTests;
			sourceTree = "<group>";
		};
		B599D67B1FAAF00E006EAABC /* RouteGrabberUITests */ = {
			isa = PBXGroup;
			children = (
				B599D67C1FAAF00E006EAABC /* RouteGrabberUITests.swift */,
				B599D67E1FAAF00E006EAABC /* Info.plist */,
			);
			path = RouteGrabberUITests;
			sourceTree = "<group>";
		};
		B5A707B51FAAF23400622F5E /* Frameworks */ = {
			isa = PBXGroup;
			children = (
				B57F6D29213E4C3200C4AECC /* HealthKit.framework */,
			);
			name = Frameworks;
			sourceTree = "<group>";
		};
/* End PBXGroup section */

/* Begin PBXNativeTarget section */
		B599D6581FAAF00D006EAABC /* RouteGrabber */ = {
			isa = PBXNativeTarget;
			buildConfigurationList = B599D6811FAAF00E006EAABC /* Build configuration list for PBXNativeTarget "RouteGrabber" */;
			buildPhases = (
				B599D6551FAAF00D006EAABC /* Sources */,
				B599D6561FAAF00D006EAABC /* Frameworks */,
				B599D6571FAAF00D006EAABC /* Resources */,
				B5A1728E1FBE30CD003E71EC /* Embed Frameworks */,
			);
			buildRules = (
			);
			dependencies = (
				B5A172921FBE30F3003E71EC /* PBXTargetDependency */,
			);
			name = RouteGrabber;
			productName = RouteGrabber;
			productReference = B599D6591FAAF00D006EAABC /* RouteGrabber.app */;
			productType = "com.apple.product-type.application";
		};
		B599D66C1FAAF00E006EAABC /* RouteGrabberTests */ = {
			isa = PBXNativeTarget;
			buildConfigurationList = B599D6841FAAF00E006EAABC /* Build configuration list for PBXNativeTarget "RouteGrabberTests" */;
			buildPhases = (
				B599D6691FAAF00E006EAABC /* Sources */,
				B599D66A1FAAF00E006EAABC /* Frameworks */,
				B599D66B1FAAF00E006EAABC /* Resources */,
			);
			buildRules = (
			);
			dependencies = (
				B599D66F1FAAF00E006EAABC /* PBXTargetDependency */,
			);
			name = RouteGrabberTests;
			productName = RouteGrabberTests;
			productReference = B599D66D1FAAF00E006EAABC /* RouteGrabberTests.xctest */;
			productType = "com.apple.product-type.bundle.unit-test";
		};
		B599D6771FAAF00E006EAABC /* RouteGrabberUITests */ = {
			isa = PBXNativeTarget;
			buildConfigurationList = B599D6871FAAF00E006EAABC /* Build configuration list for PBXNativeTarget "RouteGrabberUITests" */;
			buildPhases = (
				B599D6741FAAF00E006EAABC /* Sources */,
				B599D6751FAAF00E006EAABC /* Frameworks */,
				B599D6761FAAF00E006EAABC /* Resources */,
			);
			buildRules = (
			);
			dependencies = (
				B599D67A1FAAF00E006EAABC /* PBXTargetDependency */,
			);
			name = RouteGrabberUITests;
			productName = RouteGrabberUITests;
			productReference = B599D6781FAAF00E006EAABC /* RouteGrabberUITests.xctest */;
			productType = "com.apple.product-type.bundle.ui-testing";
		};
/* End PBXNativeTarget section */

/* Begin PBXProject section */
		B599D6511FAAF00D006EAABC /* Project object */ = {
			isa = PBXProject;
			attributes = {
				LastSwiftUpdateCheck = 0910;
				LastUpgradeCheck = 0940;
				ORGANIZATIONNAME = "Nice Mohawk Limited";
				TargetAttributes = {
					B599D6581FAAF00D006EAABC = {
						CreatedOnToolsVersion = 9.1;
						ProvisioningStyle = Automatic;
						SystemCapabilities = {
							com.apple.ApplicationGroups.iOS = {
								enabled = 0;
							};
							com.apple.HealthKit = {
								enabled = 1;
							};
							com.apple.Keychain = {
								enabled = 0;
							};
						};
					};
					B599D66C1FAAF00E006EAABC = {
						CreatedOnToolsVersion = 9.1;
						ProvisioningStyle = Automatic;
						TestTargetID = B599D6581FAAF00D006EAABC;
					};
					B599D6771FAAF00E006EAABC = {
						CreatedOnToolsVersion = 9.1;
						ProvisioningStyle = Automatic;
						TestTargetID = B599D6581FAAF00D006EAABC;
					};
				};
			};
			buildConfigurationList = B599D6541FAAF00D006EAABC /* Build configuration list for PBXProject "RouteGrabber" */;
			compatibilityVersion = "Xcode 8.0";
			developmentRegion = en;
			hasScannedForEncodings = 0;
			knownRegions = (
				en,
				Base,
			);
			mainGroup = B599D6501FAAF00D006EAABC;
			productRefGroup = B599D65A1FAAF00D006EAABC /* Products */;
			projectDirPath = "";
			projectReferences = (
				{
					ProductGroup = B5357F2D1FBA16EF00B884AE /* Products */;
					ProjectRef = B5357F2C1FBA16EF00B884AE /* Packages.xcodeproj */;
				},
			);
			projectRoot = "";
			targets = (
				B599D6581FAAF00D006EAABC /* RouteGrabber */,
				B599D66C1FAAF00E006EAABC /* RouteGrabberTests */,
				B599D6771FAAF00E006EAABC /* RouteGrabberUITests */,
			);
		};
/* End PBXProject section */

/* Begin PBXReferenceProxy section */
		B5357F341FBA16EF00B884AE /* Packages.framework */ = {
			isa = PBXReferenceProxy;
			fileType = wrapper.framework;
			path = Packages.framework;
			remoteRef = B5357F331FBA16EF00B884AE /* PBXContainerItemProxy */;
			sourceTree = BUILT_PRODUCTS_DIR;
		};
		B5357F361FBA16EF00B884AE /* Alamofire.framework */ = {
			isa = PBXReferenceProxy;
			fileType = wrapper.framework;
			path = Alamofire.framework;
			remoteRef = B5357F351FBA16EF00B884AE /* PBXContainerItemProxy */;
			sourceTree = BUILT_PRODUCTS_DIR;
		};
/* End PBXReferenceProxy section */

/* Begin PBXResourcesBuildPhase section */
		B599D6571FAAF00D006EAABC /* Resources */ = {
			isa = PBXResourcesBuildPhase;
			buildActionMask = 2147483647;
			files = (
				B599D6671FAAF00D006EAABC /* LaunchScreen.storyboard in Resources */,
				B599D6641FAAF00D006EAABC /* Assets.xcassets in Resources */,
				B599D6621FAAF00D006EAABC /* Main.storyboard in Resources */,
			);
			runOnlyForDeploymentPostprocessing = 0;
		};
		B599D66B1FAAF00E006EAABC /* Resources */ = {
			isa = PBXResourcesBuildPhase;
			buildActionMask = 2147483647;
			files = (
			);
			runOnlyForDeploymentPostprocessing = 0;
		};
		B599D6761FAAF00E006EAABC /* Resources */ = {
			isa = PBXResourcesBuildPhase;
			buildActionMask = 2147483647;
			files = (
			);
			runOnlyForDeploymentPostprocessing = 0;
		};
/* End PBXResourcesBuildPhase section */

/* Begin PBXSourcesBuildPhase section */
		B599D6551FAAF00D006EAABC /* Sources */ = {
			isa = PBXSourcesBuildPhase;
			buildActionMask = 2147483647;
			files = (
				C45DDE511FB27F44006322C7 /* RoutesTableViewController.swift in Sources */,
				C4F5BC951FD74BB300EEC216 /* APIRouter.swift in Sources */,
				B599D65D1FAAF00D006EAABC /* AppDelegate.swift in Sources */,
				C4CB05121FB642CC00E15074 /* MappableWorkout.swift in Sources */,
				C42706291FCCA34A00A745A9 /* DataSource.swift in Sources */,
				C43B69231FB678BC009DF4E9 /* MapViewController.swift in Sources */,
			);
			runOnlyForDeploymentPostprocessing = 0;
		};
		B599D6691FAAF00E006EAABC /* Sources */ = {
			isa = PBXSourcesBuildPhase;
			buildActionMask = 2147483647;
			files = (
				B599D6721FAAF00E006EAABC /* RouteGrabberTests.swift in Sources */,
			);
			runOnlyForDeploymentPostprocessing = 0;
		};
		B599D6741FAAF00E006EAABC /* Sources */ = {
			isa = PBXSourcesBuildPhase;
			buildActionMask = 2147483647;
			files = (
				B599D67D1FAAF00E006EAABC /* RouteGrabberUITests.swift in Sources */,
			);
			runOnlyForDeploymentPostprocessing = 0;
		};
/* End PBXSourcesBuildPhase section */

/* Begin PBXTargetDependency section */
		B599D66F1FAAF00E006EAABC /* PBXTargetDependency */ = {
			isa = PBXTargetDependency;
			target = B599D6581FAAF00D006EAABC /* RouteGrabber */;
			targetProxy = B599D66E1FAAF00E006EAABC /* PBXContainerItemProxy */;
		};
		B599D67A1FAAF00E006EAABC /* PBXTargetDependency */ = {
			isa = PBXTargetDependency;
			target = B599D6581FAAF00D006EAABC /* RouteGrabber */;
			targetProxy = B599D6791FAAF00E006EAABC /* PBXContainerItemProxy */;
		};
		B5A172921FBE30F3003E71EC /* PBXTargetDependency */ = {
			isa = PBXTargetDependency;
			name = Alamofire;
			targetProxy = B5A172911FBE30F3003E71EC /* PBXContainerItemProxy */;
		};
/* End PBXTargetDependency section */

/* Begin PBXVariantGroup section */
		B599D6601FAAF00D006EAABC /* Main.storyboard */ = {
			isa = PBXVariantGroup;
			children = (
				B599D6611FAAF00D006EAABC /* Base */,
			);
			name = Main.storyboard;
			sourceTree = "<group>";
		};
		B599D6651FAAF00D006EAABC /* LaunchScreen.storyboard */ = {
			isa = PBXVariantGroup;
			children = (
				B599D6661FAAF00D006EAABC /* Base */,
			);
			name = LaunchScreen.storyboard;
			sourceTree = "<group>";
		};
/* End PBXVariantGroup section */

/* Begin XCBuildConfiguration section */
		B599D67F1FAAF00E006EAABC /* Debug */ = {
			isa = XCBuildConfiguration;
			buildSettings = {
				ALWAYS_SEARCH_USER_PATHS = NO;
				CLANG_ANALYZER_NONNULL = YES;
				CLANG_ANALYZER_NUMBER_OBJECT_CONVERSION = YES_AGGRESSIVE;
				CLANG_CXX_LANGUAGE_STANDARD = "gnu++14";
				CLANG_CXX_LIBRARY = "libc++";
				CLANG_ENABLE_MODULES = YES;
				CLANG_ENABLE_OBJC_ARC = YES;
				CLANG_WARN_BLOCK_CAPTURE_AUTORELEASING = YES;
				CLANG_WARN_BOOL_CONVERSION = YES;
				CLANG_WARN_COMMA = YES;
				CLANG_WARN_CONSTANT_CONVERSION = YES;
				CLANG_WARN_DEPRECATED_OBJC_IMPLEMENTATIONS = YES;
				CLANG_WARN_DIRECT_OBJC_ISA_USAGE = YES_ERROR;
				CLANG_WARN_DOCUMENTATION_COMMENTS = YES;
				CLANG_WARN_EMPTY_BODY = YES;
				CLANG_WARN_ENUM_CONVERSION = YES;
				CLANG_WARN_INFINITE_RECURSION = YES;
				CLANG_WARN_INT_CONVERSION = YES;
				CLANG_WARN_NON_LITERAL_NULL_CONVERSION = YES;
				CLANG_WARN_OBJC_IMPLICIT_RETAIN_SELF = YES;
				CLANG_WARN_OBJC_LITERAL_CONVERSION = YES;
				CLANG_WARN_OBJC_ROOT_CLASS = YES_ERROR;
				CLANG_WARN_RANGE_LOOP_ANALYSIS = YES;
				CLANG_WARN_STRICT_PROTOTYPES = YES;
				CLANG_WARN_SUSPICIOUS_MOVE = YES;
				CLANG_WARN_UNGUARDED_AVAILABILITY = YES_AGGRESSIVE;
				CLANG_WARN_UNREACHABLE_CODE = YES;
				CLANG_WARN__DUPLICATE_METHOD_MATCH = YES;
				CODE_SIGN_IDENTITY = "iPhone Developer";
				COPY_PHASE_STRIP = NO;
				DEBUG_INFORMATION_FORMAT = dwarf;
				ENABLE_STRICT_OBJC_MSGSEND = YES;
				ENABLE_TESTABILITY = YES;
				GCC_C_LANGUAGE_STANDARD = gnu11;
				GCC_DYNAMIC_NO_PIC = NO;
				GCC_NO_COMMON_BLOCKS = YES;
				GCC_OPTIMIZATION_LEVEL = 0;
				GCC_PREPROCESSOR_DEFINITIONS = (
					"DEBUG=1",
					"$(inherited)",
				);
				GCC_WARN_64_TO_32_BIT_CONVERSION = YES;
				GCC_WARN_ABOUT_RETURN_TYPE = YES_ERROR;
				GCC_WARN_UNDECLARED_SELECTOR = YES;
				GCC_WARN_UNINITIALIZED_AUTOS = YES_AGGRESSIVE;
				GCC_WARN_UNUSED_FUNCTION = YES;
				GCC_WARN_UNUSED_VARIABLE = YES;
				IPHONEOS_DEPLOYMENT_TARGET = 11.1;
				MTL_ENABLE_DEBUG_INFO = YES;
				ONLY_ACTIVE_ARCH = YES;
				SDKROOT = iphoneos;
				SWIFT_ACTIVE_COMPILATION_CONDITIONS = DEBUG;
				SWIFT_OPTIMIZATION_LEVEL = "-Onone";
				SWIFT_VERSION = 3.0;
			};
			name = Debug;
		};
		B599D6801FAAF00E006EAABC /* Release */ = {
			isa = XCBuildConfiguration;
			buildSettings = {
				ALWAYS_SEARCH_USER_PATHS = NO;
				CLANG_ANALYZER_NONNULL = YES;
				CLANG_ANALYZER_NUMBER_OBJECT_CONVERSION = YES_AGGRESSIVE;
				CLANG_CXX_LANGUAGE_STANDARD = "gnu++14";
				CLANG_CXX_LIBRARY = "libc++";
				CLANG_ENABLE_MODULES = YES;
				CLANG_ENABLE_OBJC_ARC = YES;
				CLANG_WARN_BLOCK_CAPTURE_AUTORELEASING = YES;
				CLANG_WARN_BOOL_CONVERSION = YES;
				CLANG_WARN_COMMA = YES;
				CLANG_WARN_CONSTANT_CONVERSION = YES;
				CLANG_WARN_DEPRECATED_OBJC_IMPLEMENTATIONS = YES;
				CLANG_WARN_DIRECT_OBJC_ISA_USAGE = YES_ERROR;
				CLANG_WARN_DOCUMENTATION_COMMENTS = YES;
				CLANG_WARN_EMPTY_BODY = YES;
				CLANG_WARN_ENUM_CONVERSION = YES;
				CLANG_WARN_INFINITE_RECURSION = YES;
				CLANG_WARN_INT_CONVERSION = YES;
				CLANG_WARN_NON_LITERAL_NULL_CONVERSION = YES;
				CLANG_WARN_OBJC_IMPLICIT_RETAIN_SELF = YES;
				CLANG_WARN_OBJC_LITERAL_CONVERSION = YES;
				CLANG_WARN_OBJC_ROOT_CLASS = YES_ERROR;
				CLANG_WARN_RANGE_LOOP_ANALYSIS = YES;
				CLANG_WARN_STRICT_PROTOTYPES = YES;
				CLANG_WARN_SUSPICIOUS_MOVE = YES;
				CLANG_WARN_UNGUARDED_AVAILABILITY = YES_AGGRESSIVE;
				CLANG_WARN_UNREACHABLE_CODE = YES;
				CLANG_WARN__DUPLICATE_METHOD_MATCH = YES;
				CODE_SIGN_IDENTITY = "iPhone Developer";
				COPY_PHASE_STRIP = NO;
				DEBUG_INFORMATION_FORMAT = "dwarf-with-dsym";
				ENABLE_NS_ASSERTIONS = NO;
				ENABLE_STRICT_OBJC_MSGSEND = YES;
				GCC_C_LANGUAGE_STANDARD = gnu11;
				GCC_NO_COMMON_BLOCKS = YES;
				GCC_WARN_64_TO_32_BIT_CONVERSION = YES;
				GCC_WARN_ABOUT_RETURN_TYPE = YES_ERROR;
				GCC_WARN_UNDECLARED_SELECTOR = YES;
				GCC_WARN_UNINITIALIZED_AUTOS = YES_AGGRESSIVE;
				GCC_WARN_UNUSED_FUNCTION = YES;
				GCC_WARN_UNUSED_VARIABLE = YES;
				IPHONEOS_DEPLOYMENT_TARGET = 11.1;
				MTL_ENABLE_DEBUG_INFO = NO;
				SDKROOT = iphoneos;
				SWIFT_OPTIMIZATION_LEVEL = "-Owholemodule";
				SWIFT_VERSION = 3.0;
				VALIDATE_PRODUCT = YES;
			};
			name = Release;
		};
		B599D6821FAAF00E006EAABC /* Debug */ = {
			isa = XCBuildConfiguration;
			buildSettings = {
				ALWAYS_EMBED_SWIFT_STANDARD_LIBRARIES = YES;
				ASSETCATALOG_COMPILER_APPICON_NAME = AppIcon;
				CODE_SIGN_ENTITLEMENTS = RouteGrabber/RouteGrabber.entitlements;
				CODE_SIGN_IDENTITY = "iPhone Developer";
				CODE_SIGN_STYLE = Automatic;
				DEVELOPMENT_TEAM = GYV9U8338K;
				INFOPLIST_FILE = RouteGrabber/Info.plist;
				IPHONEOS_DEPLOYMENT_TARGET = 11.4;
				LD_RUNPATH_SEARCH_PATHS = "$(inherited) @executable_path/Frameworks";
				PRODUCT_BUNDLE_IDENTIFIER = com.nicemohawk.RouteGrabber;
				PRODUCT_NAME = "$(TARGET_NAME)";
				PROVISIONING_PROFILE_SPECIFIER = "";
				SWIFT_VERSION = 4.0;
				TARGETED_DEVICE_FAMILY = 1;
			};
			name = Debug;
		};
		B599D6831FAAF00E006EAABC /* Release */ = {
			isa = XCBuildConfiguration;
			buildSettings = {
				ALWAYS_EMBED_SWIFT_STANDARD_LIBRARIES = YES;
				ASSETCATALOG_COMPILER_APPICON_NAME = AppIcon;
				CODE_SIGN_ENTITLEMENTS = RouteGrabber/RouteGrabber.entitlements;
				CODE_SIGN_IDENTITY = "iPhone Developer";
				CODE_SIGN_STYLE = Automatic;
				DEVELOPMENT_TEAM = GYV9U8338K;
				INFOPLIST_FILE = RouteGrabber/Info.plist;
				IPHONEOS_DEPLOYMENT_TARGET = 11.4;
				LD_RUNPATH_SEARCH_PATHS = "$(inherited) @executable_path/Frameworks";
				PRODUCT_BUNDLE_IDENTIFIER = com.nicemohawk.RouteGrabber;
				PRODUCT_NAME = "$(TARGET_NAME)";
				PROVISIONING_PROFILE_SPECIFIER = "";
				SWIFT_VERSION = 4.0;
				TARGETED_DEVICE_FAMILY = 1;
			};
			name = Release;
		};
		B599D6851FAAF00E006EAABC /* Debug */ = {
			isa = XCBuildConfiguration;
			buildSettings = {
				ALWAYS_EMBED_SWIFT_STANDARD_LIBRARIES = YES;
				BUNDLE_LOADER = "$(TEST_HOST)";
				CODE_SIGN_STYLE = Automatic;
				DEVELOPMENT_TEAM = GYV9U8338K;
				INFOPLIST_FILE = RouteGrabberTests/Info.plist;
				LD_RUNPATH_SEARCH_PATHS = "$(inherited) @executable_path/Frameworks @loader_path/Frameworks";
				PRODUCT_BUNDLE_IDENTIFIER = com.nicemohawk.RouteGrabberTests;
				PRODUCT_NAME = "$(TARGET_NAME)";
				SWIFT_VERSION = 4.0;
				TARGETED_DEVICE_FAMILY = "1,2";
				TEST_HOST = "$(BUILT_PRODUCTS_DIR)/RouteGrabber.app/RouteGrabber";
			};
			name = Debug;
		};
		B599D6861FAAF00E006EAABC /* Release */ = {
			isa = XCBuildConfiguration;
			buildSettings = {
				ALWAYS_EMBED_SWIFT_STANDARD_LIBRARIES = YES;
				BUNDLE_LOADER = "$(TEST_HOST)";
				CODE_SIGN_STYLE = Automatic;
				DEVELOPMENT_TEAM = GYV9U8338K;
				INFOPLIST_FILE = RouteGrabberTests/Info.plist;
				LD_RUNPATH_SEARCH_PATHS = "$(inherited) @executable_path/Frameworks @loader_path/Frameworks";
				PRODUCT_BUNDLE_IDENTIFIER = com.nicemohawk.RouteGrabberTests;
				PRODUCT_NAME = "$(TARGET_NAME)";
				SWIFT_VERSION = 4.0;
				TARGETED_DEVICE_FAMILY = "1,2";
				TEST_HOST = "$(BUILT_PRODUCTS_DIR)/RouteGrabber.app/RouteGrabber";
			};
			name = Release;
		};
		B599D6881FAAF00E006EAABC /* Debug */ = {
			isa = XCBuildConfiguration;
			buildSettings = {
				ALWAYS_EMBED_SWIFT_STANDARD_LIBRARIES = YES;
				CODE_SIGN_STYLE = Automatic;
				DEVELOPMENT_TEAM = GYV9U8338K;
				INFOPLIST_FILE = RouteGrabberUITests/Info.plist;
				LD_RUNPATH_SEARCH_PATHS = "$(inherited) @executable_path/Frameworks @loader_path/Frameworks";
				PRODUCT_BUNDLE_IDENTIFIER = com.nicemohawk.RouteGrabberUITests;
				PRODUCT_NAME = "$(TARGET_NAME)";
				SWIFT_VERSION = 4.0;
				TARGETED_DEVICE_FAMILY = "1,2";
				TEST_TARGET_NAME = RouteGrabber;
			};
			name = Debug;
		};
		B599D6891FAAF00E006EAABC /* Release */ = {
			isa = XCBuildConfiguration;
			buildSettings = {
				ALWAYS_EMBED_SWIFT_STANDARD_LIBRARIES = YES;
				CODE_SIGN_STYLE = Automatic;
				DEVELOPMENT_TEAM = GYV9U8338K;
				INFOPLIST_FILE = RouteGrabberUITests/Info.plist;
				LD_RUNPATH_SEARCH_PATHS = "$(inherited) @executable_path/Frameworks @loader_path/Frameworks";
				PRODUCT_BUNDLE_IDENTIFIER = com.nicemohawk.RouteGrabberUITests;
				PRODUCT_NAME = "$(TARGET_NAME)";
				SWIFT_VERSION = 4.0;
				TARGETED_DEVICE_FAMILY = "1,2";
				TEST_TARGET_NAME = RouteGrabber;
			};
			name = Release;
		};
/* End XCBuildConfiguration section */

/* Begin XCConfigurationList section */
		B599D6541FAAF00D006EAABC /* Build configuration list for PBXProject "RouteGrabber" */ = {
			isa = XCConfigurationList;
			buildConfigurations = (
				B599D67F1FAAF00E006EAABC /* Debug */,
				B599D6801FAAF00E006EAABC /* Release */,
			);
			defaultConfigurationIsVisible = 0;
			defaultConfigurationName = Release;
		};
		B599D6811FAAF00E006EAABC /* Build configuration list for PBXNativeTarget "RouteGrabber" */ = {
			isa = XCConfigurationList;
			buildConfigurations = (
				B599D6821FAAF00E006EAABC /* Debug */,
				B599D6831FAAF00E006EAABC /* Release */,
			);
			defaultConfigurationIsVisible = 0;
			defaultConfigurationName = Release;
		};
		B599D6841FAAF00E006EAABC /* Build configuration list for PBXNativeTarget "RouteGrabberTests" */ = {
			isa = XCConfigurationList;
			buildConfigurations = (
				B599D6851FAAF00E006EAABC /* Debug */,
				B599D6861FAAF00E006EAABC /* Release */,
			);
			defaultConfigurationIsVisible = 0;
			defaultConfigurationName = Release;
		};
		B599D6871FAAF00E006EAABC /* Build configuration list for PBXNativeTarget "RouteGrabberUITests" */ = {
			isa = XCConfigurationList;
			buildConfigurations = (
				B599D6881FAAF00E006EAABC /* Debug */,
				B599D6891FAAF00E006EAABC /* Release */,
			);
			defaultConfigurationIsVisible = 0;
			defaultConfigurationName = Release;
		};
/* End XCConfigurationList section */
	};
	rootObject = B599D6511FAAF00D006EAABC /* Project object */;
}
